// !$*UTF8*$!
{
	archiveVersion = 1;
	classes = {
	};
	objectVersion = 48;
	objects = {

/* Begin PBXBuildFile section */
		49C3064D206B70AD0007833C /* AppDelegate.m in Sources */ = {isa = PBXBuildFile; fileRef = 49C3064C206B70AD0007833C /* AppDelegate.m */; };
		49C30650206B70AD0007833C /* ViewController.m in Sources */ = {isa = PBXBuildFile; fileRef = 49C3064F206B70AD0007833C /* ViewController.m */; };
		49C30653206B70AD0007833C /* Main.storyboard in Resources */ = {isa = PBXBuildFile; fileRef = 49C30651206B70AD0007833C /* Main.storyboard */; };
		49C30655206B70AD0007833C /* Assets.xcassets in Resources */ = {isa = PBXBuildFile; fileRef = 49C30654206B70AD0007833C /* Assets.xcassets */; };
		49C30658206B70AD0007833C /* LaunchScreen.storyboard in Resources */ = {isa = PBXBuildFile; fileRef = 49C30656206B70AD0007833C /* LaunchScreen.storyboard */; };
		49C3065B206B70AD0007833C /* main.m in Sources */ = {isa = PBXBuildFile; fileRef = 49C3065A206B70AD0007833C /* main.m */; };
/* End PBXBuildFile section */

/* Begin PBXFileReference section */
		49C30648206B70AD0007833C /* BookMarkView.app */ = {isa = PBXFileReference; explicitFileType = wrapper.application; includeInIndex = 0; path = BookMarkView.app; sourceTree = BUILT_PRODUCTS_DIR; };
		49C3064B206B70AD0007833C /* AppDelegate.h */ = {isa = PBXFileReference; lastKnownFileType = sourcecode.c.h; path = AppDelegate.h; sourceTree = "<group>"; };
		49C3064C206B70AD0007833C /* AppDelegate.m */ = {isa = PBXFileReference; lastKnownFileType = sourcecode.c.objc; path = AppDelegate.m; sourceTree = "<group>"; };
		49C3064E206B70AD0007833C /* ViewController.h */ = {isa = PBXFileReference; lastKnownFileType = sourcecode.c.h; path = ViewController.h; sourceTree = "<group>"; };
		49C3064F206B70AD0007833C /* ViewController.m */ = {isa = PBXFileReference; lastKnownFileType = sourcecode.c.objc; path = ViewController.m; sourceTree = "<group>"; };
		49C30652206B70AD0007833C /* Base */ = {isa = PBXFileReference; lastKnownFileType = file.storyboard; name = Base; path = Base.lproj/Main.storyboard; sourceTree = "<group>"; };
		49C30654206B70AD0007833C /* Assets.xcassets */ = {isa = PBXFileReference; lastKnownFileType = folder.assetcatalog; path = Assets.xcassets; sourceTree = "<group>"; };
		49C30657206B70AD0007833C /* Base */ = {isa = PBXFileReference; lastKnownFileType = file.storyboard; name = Base; path = Base.lproj/LaunchScreen.storyboard; sourceTree = "<group>"; };
		49C30659206B70AD0007833C /* Info.plist */ = {isa = PBXFileReference; lastKnownFileType = text.plist.xml; path = Info.plist; sourceTree = "<group>"; };
		49C3065A206B70AD0007833C /* main.m */ = {isa = PBXFileReference; lastKnownFileType = sourcecode.c.objc; path = main.m; sourceTree = "<group>"; };
/* End PBXFileReference section */

/* Begin PBXFrameworksBuildPhase section */
		49C30645206B70AD0007833C /* Frameworks */ = {
			isa = PBXFrameworksBuildPhase;
			buildActionMask = 2147483647;
			files = (
			);
			runOnlyForDeploymentPostprocessing = 0;
		};
/* End PBXFrameworksBuildPhase section */

/* Begin PBXGroup section */
		49C3063F206B70AD0007833C = {
			isa = PBXGroup;
			children = (
				49C3064A206B70AD0007833C /* BookMarkView */,
				49C30649206B70AD0007833C /* Products */,
			);
			sourceTree = "<group>";
		};
		49C30649206B70AD0007833C /* Products */ = {
			isa = PBXGroup;
			children = (
				49C30648206B70AD0007833C /* BookMarkView.app */,
			);
			name = Products;
			sourceTree = "<group>";
		};
		49C3064A206B70AD0007833C /* BookMarkView */ = {
			isa = PBXGroup;
			children = (
				49C3064B206B70AD0007833C /* AppDelegate.h */,
				49C3064C206B70AD0007833C /* AppDelegate.m */,
				49C3064E206B70AD0007833C /* ViewController.h */,
				49C3064F206B70AD0007833C /* ViewController.m */,
				49C30651206B70AD0007833C /* Main.storyboard */,
				49C30654206B70AD0007833C /* Assets.xcassets */,
				49C30656206B70AD0007833C /* LaunchScreen.storyboard */,
				49C30659206B70AD0007833C /* Info.plist */,
				49C3065A206B70AD0007833C /* main.m */,
			);
			path = BookMarkView;
			sourceTree = "<group>";
		};
/* End PBXGroup section */

/* Begin PBXNativeTarget section */
		49C30647206B70AD0007833C /* BookMarkView */ = {
			isa = PBXNativeTarget;
			buildConfigurationList = 49C3065E206B70AD0007833C /* Build configuration list for PBXNativeTarget "BookMarkView" */;
			buildPhases = (
				49C30644206B70AD0007833C /* Sources */,
				49C30645206B70AD0007833C /* Frameworks */,
				49C30646206B70AD0007833C /* Resources */,
			);
			buildRules = (
			);
			dependencies = (
			);
			name = BookMarkView;
			productName = BookMarkView;
			productReference = 49C30648206B70AD0007833C /* BookMarkView.app */;
			productType = "com.apple.product-type.application";
		};
/* End PBXNativeTarget section */

/* Begin PBXProject section */
		49C30640206B70AD0007833C /* Project object */ = {
			isa = PBXProject;
			attributes = {
				LastUpgradeCheck = 0920;
				ORGANIZATIONNAME = apple;
				TargetAttributes = {
					49C30647206B70AD0007833C = {
						CreatedOnToolsVersion = 9.2;
						ProvisioningStyle = Automatic;
					};
				};
			};
			buildConfigurationList = 49C30643206B70AD0007833C /* Build configuration list for PBXProject "BookMarkView" */;
			compatibilityVersion = "Xcode 8.0";
			developmentRegion = en;
			hasScannedForEncodings = 0;
			knownRegions = (
				en,
				Base,
			);
			mainGroup = 49C3063F206B70AD0007833C;
			productRefGroup = 49C30649206B70AD0007833C /* Products */;
			projectDirPath = "";
			projectRoot = "";
			targets = (
				49C30647206B70AD0007833C /* BookMarkView */,
			);
		};
/* End PBXProject section */

/* Begin PBXResourcesBuildPhase section */
		49C30646206B70AD0007833C /* Resources */ = {
			isa = PBXResourcesBuildPhase;
			buildActionMask = 2147483647;
			files = (
				49C30658206B70AD0007833C /* LaunchScreen.storyboard in Resources */,
				49C30655206B70AD0007833C /* Assets.xcassets in Resources */,
				49C30653206B70AD0007833C /* Main.storyboard in Resources */,
			);
			runOnlyForDeploymentPostprocessing = 0;
		};
/* End PBXResourcesBuildPhase section */

/* Begin PBXSourcesBuildPhase section */
		49C30644206B70AD0007833C /* Sources */ = {
			isa = PBXSourcesBuildPhase;
			buildActionMask = 2147483647;
			files = (
				49C30650206B70AD0007833C /* ViewController.m in Sources */,
				49C3065B206B70AD0007833C /* main.m in Sources */,
				49C3064D206B70AD0007833C /* AppDelegate.m in Sources */,
			);
			runOnlyForDeploymentPostprocessing = 0;
		};
/* End PBXSourcesBuildPhase section */

/* Begin PBXVariantGroup section */
		49C30651206B70AD0007833C /* Main.storyboard */ = {
			isa = PBXVariantGroup;
			children = (
				49C30652206B70AD0007833C /* Base */,
			);
			name = Main.storyboard;
			sourceTree = "<group>";
		};
		49C30656206B70AD0007833C /* LaunchScreen.storyboard */ = {
			isa = PBXVariantGroup;
			children = (
				49C30657206B70AD0007833C /* Base */,
			);
			name = LaunchScreen.storyboard;
			sourceTree = "<group>";
		};
/* End PBXVariantGroup section */

/* Begin XCBuildConfiguration section */
		49C3065C206B70AD0007833C /* Debug */ = {
			isa = XCBuildConfiguration;
			buildSettings = {
				ALWAYS_SEARCH_USER_PATHS = NO;
				CLANG_ANALYZER_NONNULL = YES;
				CLANG_ANALYZER_NUMBER_OBJECT_CONVERSION = YES_AGGRESSIVE;
				CLANG_CXX_LANGUAGE_STANDARD = "gnu++14";
				CLANG_CXX_LIBRARY = "libc++";
				CLANG_ENABLE_MODULES = YES;
				CLANG_ENABLE_OBJC_ARC = YES;
				CLANG_WARN_BLOCK_CAPTURE_AUTORELEASING = YES;
				CLANG_WARN_BOOL_CONVERSION = YES;
				CLANG_WARN_COMMA = YES;
				CLANG_WARN_CONSTANT_CONVERSION = YES;
				CLANG_WARN_DIRECT_OBJC_ISA_USAGE = YES_ERROR;
				CLANG_WARN_DOCUMENTATION_COMMENTS = YES;
				CLANG_WARN_EMPTY_BODY = YES;
				CLANG_WARN_ENUM_CONVERSION = YES;
				CLANG_WARN_INFINITE_RECURSION = YES;
				CLANG_WARN_INT_CONVERSION = YES;
				CLANG_WARN_NON_LITERAL_NULL_CONVERSION = YES;
				CLANG_WARN_OBJC_LITERAL_CONVERSION = YES;
				CLANG_WARN_OBJC_ROOT_CLASS = YES_ERROR;
				CLANG_WARN_RANGE_LOOP_ANALYSIS = YES;
				CLANG_WARN_STRICT_PROTOTYPES = YES;
				CLANG_WARN_SUSPICIOUS_MOVE = YES;
				CLANG_WARN_UNGUARDED_AVAILABILITY = YES_AGGRESSIVE;
				CLANG_WARN_UNREACHABLE_CODE = YES;
				CLANG_WARN__DUPLICATE_METHOD_MATCH = YES;
				CODE_SIGN_IDENTITY = "iPhone Developer";
				COPY_PHASE_STRIP = NO;
				DEBUG_INFORMATION_FORMAT = dwarf;
				ENABLE_STRICT_OBJC_MSGSEND = YES;
				ENABLE_TESTABILITY = YES;
				GCC_C_LANGUAGE_STANDARD = gnu11;
				GCC_DYNAMIC_NO_PIC = NO;
				GCC_NO_COMMON_BLOCKS = YES;
				GCC_OPTIMIZATION_LEVEL = 0;
				GCC_PREPROCESSOR_DEFINITIONS = (
					"DEBUG=1",
					"$(inherited)",
				);
				GCC_WARN_64_TO_32_BIT_CONVERSION = YES;
				GCC_WARN_ABOUT_RETURN_TYPE = YES_ERROR;
				GCC_WARN_UNDECLARED_SELECTOR = YES;
				GCC_WARN_UNINITIALIZED_AUTOS = YES_AGGRESSIVE;
				GCC_WARN_UNUSED_FUNCTION = YES;
				GCC_WARN_UNUSED_VARIABLE = YES;
				IPHONEOS_DEPLOYMENT_TARGET = 11.2;
				MTL_ENABLE_DEBUG_INFO = YES;
				ONLY_ACTIVE_ARCH = YES;
				SDKROOT = iphoneos;
			};
			name = Debug;
		};
		49C3065D206B70AD0007833C /* Release */ = {
			isa = XCBuildConfiguration;
			buildSettings = {
				ALWAYS_SEARCH_USER_PATHS = NO;
				CLANG_ANALYZER_NONNULL = YES;
				CLANG_ANALYZER_NUMBER_OBJECT_CONVERSION = YES_AGGRESSIVE;
				CLANG_CXX_LANGUAGE_STANDARD = "gnu++14";
				CLANG_CXX_LIBRARY = "libc++";
				CLANG_ENABLE_MODULES = YES;
				CLANG_ENABLE_OBJC_ARC = YES;
				CLANG_WARN_BLOCK_CAPTURE_AUTORELEASING = YES;
				CLANG_WARN_BOOL_CONVERSION = YES;
				CLANG_WARN_COMMA = YES;
				CLANG_WARN_CONSTANT_CONVERSION = YES;
				CLANG_WARN_DIRECT_OBJC_ISA_USAGE = YES_ERROR;
				CLANG_WARN_DOCUMENTATION_COMMENTS = YES;
				CLANG_WARN_EMPTY_BODY = YES;
				CLANG_WARN_ENUM_CONVERSION = YES;
				CLANG_WARN_INFINITE_RECURSION = YES;
				CLANG_WARN_INT_CONVERSION = YES;
				CLANG_WARN_NON_LITERAL_NULL_CONVERSION = YES;
				CLANG_WARN_OBJC_LITERAL_CONVERSION = YES;
				CLANG_WARN_OBJC_ROOT_CLASS = YES_ERROR;
				CLANG_WARN_RANGE_LOOP_ANALYSIS = YES;
				CLANG_WARN_STRICT_PROTOTYPES = YES;
				CLANG_WARN_SUSPICIOUS_MOVE = YES;
				CLANG_WARN_UNGUARDED_AVAILABILITY = YES_AGGRESSIVE;
				CLANG_WARN_UNREACHABLE_CODE = YES;
				CLANG_WARN__DUPLICATE_METHOD_MATCH = YES;
				CODE_SIGN_IDENTITY = "iPhone Developer";
				COPY_PHASE_STRIP = NO;
				DEBUG_INFORMATION_FORMAT = "dwarf-with-dsym";
				ENABLE_NS_ASSERTIONS = NO;
				ENABLE_STRICT_OBJC_MSGSEND = YES;
				GCC_C_LANGUAGE_STANDARD = gnu11;
				GCC_NO_COMMON_BLOCKS = YES;
				GCC_WARN_64_TO_32_BIT_CONVERSION = YES;
				GCC_WARN_ABOUT_RETURN_TYPE = YES_ERROR;
				GCC_WARN_UNDECLARED_SELECTOR = YES;
				GCC_WARN_UNINITIALIZED_AUTOS = YES_AGGRESSIVE;
				GCC_WARN_UNUSED_FUNCTION = YES;
				GCC_WARN_UNUSED_VARIABLE = YES;
				IPHONEOS_DEPLOYMENT_TARGET = 11.2;
				MTL_ENABLE_DEBUG_INFO = NO;
				SDKROOT = iphoneos;
				VALIDATE_PRODUCT = YES;
			};
			name = Release;
		};
		49C3065F206B70AD0007833C /* Debug */ = {
			isa = XCBuildConfiguration;
			buildSettings = {
				ASSETCATALOG_COMPILER_APPICON_NAME = AppIcon;
				CODE_SIGN_STYLE = Automatic;
				INFOPLIST_FILE = BookMarkView/Info.plist;
				LD_RUNPATH_SEARCH_PATHS = "$(inherited) @executable_path/Frameworks";
				PRODUCT_BUNDLE_IDENTIFIER = cn.itzt.BookMarkView;
				PRODUCT_NAME = "$(TARGET_NAME)";
				TARGETED_DEVICE_FAMILY = "1,2";
			};
			name = Debug;
		};
		49C30660206B70AD0007833C /* Release */ = {
			isa = XCBuildConfiguration;
			buildSettings = {
				ASSETCATALOG_COMPILER_APPICON_NAME = AppIcon;
				CODE_SIGN_STYLE = Automatic;
				INFOPLIST_FILE = BookMarkView/Info.plist;
				LD_RUNPATH_SEARCH_PATHS = "$(inherited) @executable_path/Frameworks";
				PRODUCT_BUNDLE_IDENTIFIER = cn.itzt.BookMarkView;
				PRODUCT_NAME = "$(TARGET_NAME)";
				TARGETED_DEVICE_FAMILY = "1,2";
			};
			name = Release;
		};
/* End XCBuildConfiguration section */

/* Begin XCConfigurationList section */
		49C30643206B70AD0007833C /* Build configuration list for PBXProject "BookMarkView" */ = {
			isa = XCConfigurationList;
			buildConfigurations = (
				49C3065C206B70AD0007833C /* Debug */,
				49C3065D206B70AD0007833C /* Release */,
			);
			defaultConfigurationIsVisible = 0;
			defaultConfigurationName = Release;
		};
		49C3065E206B70AD0007833C /* Build configuration list for PBXNativeTarget "BookMarkView" */ = {
			isa = XCConfigurationList;
			buildConfigurations = (
				49C3065F206B70AD0007833C /* Debug */,
				49C30660206B70AD0007833C /* Release */,
			);
			defaultConfigurationIsVisible = 0;
			defaultConfigurationName = Release;
		};
/* End XCConfigurationList section */
	};
	rootObject = 49C30640206B70AD0007833C /* Project object */;
}
